
Microsoft Visual Studio Solution File, Format Version 12.00
# Visual Studio Version 16
VisualStudioVersion = 16.0.31205.134
MinimumVisualStudioVersion = 10.0.40219.1
Project("{8BC9CEB8-8B4A-11D0-8D11-00A0C91BC942}") = "JEngine2", "JEngine2\JEngine2.vcxproj", "{0B1E21B8-37A7-464C-945A-77B245C39DC0}"
EndProject
Global
	GlobalSection(SolutionConfigurationPlatforms) = preSolution
		Debug|x64 = Debug|x64
		Release|x64 = Release|x64
	EndGlobalSection
	GlobalSection(ProjectConfigurationPlatforms) = postSolution
		{0B1E21B8-37A7-464C-945A-77B245C39DC0}.Debug|x64.ActiveCfg = Debug|x64
		{0B1E21B8-37A7-464C-945A-77B245C39DC0}.Debug|x64.Build.0 = Debug|x64
		{0B1E21B8-37A7-464C-945A-77B245C39DC0}.Release|x64.ActiveCfg = Release|x64
		{0B1E21B8-37A7-464C-945A-77B245C39DC0}.Release|x64.Build.0 = Release|x64
	EndGlobalSection
	GlobalSection(SolutionProperties) = preSolution
		HideSolutionNode = FALSE
	EndGlobalSection
	GlobalSection(ExtensibilityGlobals) = postSolution
		SolutionGuid = {E39D84FA-9DF7-4772-932D-D293A8D942DE}
	EndGlobalSection
EndGlobal
